
Microsoft Visual Studio Solution File, Format Version 12.00
# Visual Studio 15
VisualStudioVersion = 15.0.28010.2046
MinimumVisualStudioVersion = 10.0.40219.1
Project("{FAE04EC0-301F-11D3-BF4B-00C04F79EFBC}") = "LogisticsManager.Android", "LogisticsManager\LogisticsManager.Android\LogisticsManager.Android.csproj", "{6F8880E3-9886-482D-A79D-2863D45A7E46}"
EndProject
Project("{FAE04EC0-301F-11D3-BF4B-00C04F79EFBC}") = "LogisticsManager.iOS", "LogisticsManager\LogisticsManager.iOS\LogisticsManager.iOS.csproj", "{4625D2A9-AF21-4367-B26C-AC7DCD6F20B0}"
EndProject
Project("{FAE04EC0-301F-11D3-BF4B-00C04F79EFBC}") = "LogisticsManager.UWP", "LogisticsManager\LogisticsManager.UWP\LogisticsManager.UWP.csproj", "{9CCD87C2-E49C-4D09-AD3C-F18656D2B91A}"
EndProject
Project("{D954291E-2A0B-460D-934E-DC6B0785DB48}") = "LogisticsManager", "LogisticsManager\LogisticsManager\LogisticsManager.shproj", "{D5417E24-DE32-4FDC-9DFB-446D3A92D732}"
EndProject
Project("{2150E333-8FDC-42A3-9474-1A3956D46DE8}") = "Tests", "Tests", "{9CFFFA5E-FB6B-4F73-8A95-DC33DFC532B7}"
EndProject
Project("{FAE04EC0-301F-11D3-BF4B-00C04F79EFBC}") = "LogisticsManagerUnitTests", "LogisticsManagerUnitTests\LogisticsManagerUnitTests.csproj", "{0EA9FF51-833B-4DEF-87B3-9EFD394B8D4A}"
EndProject
Project("{FAE04EC0-301F-11D3-BF4B-00C04F79EFBC}") = "LogisticsManagerUITests", "LogisticsManagerUITests\LogisticsManagerUITests.csproj", "{B19C892E-2628-4CA7-AD27-08D406A3B14B}"
EndProject
Global
	GlobalSection(SharedMSBuildProjectFiles) = preSolution
		LogisticsManager\LogisticsManager\LogisticsManager.projitems*{4625d2a9-af21-4367-b26c-ac7dcd6f20b0}*SharedItemsImports = 4
		LogisticsManager\LogisticsManager\LogisticsManager.projitems*{6f8880e3-9886-482d-a79d-2863d45a7e46}*SharedItemsImports = 4
		LogisticsManager\LogisticsManager\LogisticsManager.projitems*{9ccd87c2-e49c-4d09-ad3c-f18656d2b91a}*SharedItemsImports = 4
		LogisticsManager\LogisticsManager\LogisticsManager.projitems*{d5417e24-de32-4fdc-9dfb-446d3a92d732}*SharedItemsImports = 13
	EndGlobalSection
	GlobalSection(SolutionConfigurationPlatforms) = preSolution
		Ad-Hoc|Any CPU = Ad-Hoc|Any CPU
		Ad-Hoc|ARM = Ad-Hoc|ARM
		Ad-Hoc|iPhone = Ad-Hoc|iPhone
		Ad-Hoc|iPhoneSimulator = Ad-Hoc|iPhoneSimulator
		Ad-Hoc|x64 = Ad-Hoc|x64
		Ad-Hoc|x86 = Ad-Hoc|x86
		AppStore|Any CPU = AppStore|Any CPU
		AppStore|ARM = AppStore|ARM
		AppStore|iPhone = AppStore|iPhone
		AppStore|iPhoneSimulator = AppStore|iPhoneSimulator
		AppStore|x64 = AppStore|x64
		AppStore|x86 = AppStore|x86
		Debug|Any CPU = Debug|Any CPU
		Debug|ARM = Debug|ARM
		Debug|iPhone = Debug|iPhone
		Debug|iPhoneSimulator = Debug|iPhoneSimulator
		Debug|x64 = Debug|x64
		Debug|x86 = Debug|x86
		Release|Any CPU = Release|Any CPU
		Release|ARM = Release|ARM
		Release|iPhone = Release|iPhone
		Release|iPhoneSimulator = Release|iPhoneSimulator
		Release|x64 = Release|x64
		Release|x86 = Release|x86
	EndGlobalSection
	GlobalSection(ProjectConfigurationPlatforms) = postSolution
		{6F8880E3-9886-482D-A79D-2863D45A7E46}.Ad-Hoc|Any CPU.ActiveCfg = Release|Any CPU
		{6F8880E3-9886-482D-A79D-2863D45A7E46}.Ad-Hoc|Any CPU.Build.0 = Release|Any CPU
		{6F8880E3-9886-482D-A79D-2863D45A7E46}.Ad-Hoc|Any CPU.Deploy.0 = Release|Any CPU
		{6F8880E3-9886-482D-A79D-2863D45A7E46}.Ad-Hoc|ARM.ActiveCfg = Release|Any CPU
		{6F8880E3-9886-482D-A79D-2863D45A7E46}.Ad-Hoc|ARM.Build.0 = Release|Any CPU
		{6F8880E3-9886-482D-A79D-2863D45A7E46}.Ad-Hoc|ARM.Deploy.0 = Release|Any CPU
		{6F8880E3-9886-482D-A79D-2863D45A7E46}.Ad-Hoc|iPhone.ActiveCfg = Release|Any CPU
		{6F8880E3-9886-482D-A79D-2863D45A7E46}.Ad-Hoc|iPhone.Build.0 = Release|Any CPU
		{6F8880E3-9886-482D-A79D-2863D45A7E46}.Ad-Hoc|iPhone.Deploy.0 = Release|Any CPU
		{6F8880E3-9886-482D-A79D-2863D45A7E46}.Ad-Hoc|iPhoneSimulator.ActiveCfg = Release|Any CPU
		{6F8880E3-9886-482D-A79D-2863D45A7E46}.Ad-Hoc|iPhoneSimulator.Build.0 = Release|Any CPU
		{6F8880E3-9886-482D-A79D-2863D45A7E46}.Ad-Hoc|iPhoneSimulator.Deploy.0 = Release|Any CPU
		{6F8880E3-9886-482D-A79D-2863D45A7E46}.Ad-Hoc|x64.ActiveCfg = Release|Any CPU
		{6F8880E3-9886-482D-A79D-2863D45A7E46}.Ad-Hoc|x64.Build.0 = Release|Any CPU
		{6F8880E3-9886-482D-A79D-2863D45A7E46}.Ad-Hoc|x64.Deploy.0 = Release|Any CPU
		{6F8880E3-9886-482D-A79D-2863D45A7E46}.Ad-Hoc|x86.ActiveCfg = Release|Any CPU
		{6F8880E3-9886-482D-A79D-2863D45A7E46}.Ad-Hoc|x86.Build.0 = Release|Any CPU
		{6F8880E3-9886-482D-A79D-2863D45A7E46}.Ad-Hoc|x86.Deploy.0 = Release|Any CPU
		{6F8880E3-9886-482D-A79D-2863D45A7E46}.AppStore|Any CPU.ActiveCfg = Release|Any CPU
		{6F8880E3-9886-482D-A79D-2863D45A7E46}.AppStore|Any CPU.Build.0 = Release|Any CPU
		{6F8880E3-9886-482D-A79D-2863D45A7E46}.AppStore|Any CPU.Deploy.0 = Release|Any CPU
		{6F8880E3-9886-482D-A79D-2863D45A7E46}.AppStore|ARM.ActiveCfg = Release|Any CPU
		{6F8880E3-9886-482D-A79D-2863D45A7E46}.AppStore|ARM.Build.0 = Release|Any CPU
		{6F8880E3-9886-482D-A79D-2863D45A7E46}.AppStore|ARM.Deploy.0 = Release|Any CPU
		{6F8880E3-9886-482D-A79D-2863D45A7E46}.AppStore|iPhone.ActiveCfg = Release|Any CPU
		{6F8880E3-9886-482D-A79D-2863D45A7E46}.AppStore|iPhone.Build.0 = Release|Any CPU
		{6F8880E3-9886-482D-A79D-2863D45A7E46}.AppStore|iPhone.Deploy.0 = Release|Any CPU
		{6F8880E3-9886-482D-A79D-2863D45A7E46}.AppStore|iPhoneSimulator.ActiveCfg = Release|Any CPU
		{6F8880E3-9886-482D-A79D-2863D45A7E46}.AppStore|iPhoneSimulator.Build.0 = Release|Any CPU
		{6F8880E3-9886-482D-A79D-2863D45A7E46}.AppStore|iPhoneSimulator.Deploy.0 = Release|Any CPU
		{6F8880E3-9886-482D-A79D-2863D45A7E46}.AppStore|x64.ActiveCfg = Release|Any CPU
		{6F8880E3-9886-482D-A79D-2863D45A7E46}.AppStore|x64.Build.0 = Release|Any CPU
		{6F8880E3-9886-482D-A79D-2863D45A7E46}.AppStore|x64.Deploy.0 = Release|Any CPU
		{6F8880E3-9886-482D-A79D-2863D45A7E46}.AppStore|x86.ActiveCfg = Release|Any CPU
		{6F8880E3-9886-482D-A79D-2863D45A7E46}.AppStore|x86.Build.0 = Release|Any CPU
		{6F8880E3-9886-482D-A79D-2863D45A7E46}.AppStore|x86.Deploy.0 = Release|Any CPU
		{6F8880E3-9886-482D-A79D-2863D45A7E46}.Debug|Any CPU.ActiveCfg = Debug|Any CPU
		{6F8880E3-9886-482D-A79D-2863D45A7E46}.Debug|Any CPU.Build.0 = Debug|Any CPU
		{6F8880E3-9886-482D-A79D-2863D45A7E46}.Debug|Any CPU.Deploy.0 = Debug|Any CPU
		{6F8880E3-9886-482D-A79D-2863D45A7E46}.Debug|ARM.ActiveCfg = Debug|Any CPU
		{6F8880E3-9886-482D-A79D-2863D45A7E46}.Debug|ARM.Build.0 = Debug|Any CPU
		{6F8880E3-9886-482D-A79D-2863D45A7E46}.Debug|ARM.Deploy.0 = Debug|Any CPU
		{6F8880E3-9886-482D-A79D-2863D45A7E46}.Debug|iPhone.ActiveCfg = Debug|Any CPU
		{6F8880E3-9886-482D-A79D-2863D45A7E46}.Debug|iPhone.Build.0 = Debug|Any CPU
		{6F8880E3-9886-482D-A79D-2863D45A7E46}.Debug|iPhone.Deploy.0 = Debug|Any CPU
		{6F8880E3-9886-482D-A79D-2863D45A7E46}.Debug|iPhoneSimulator.ActiveCfg = Debug|Any CPU
		{6F8880E3-9886-482D-A79D-2863D45A7E46}.Debug|iPhoneSimulator.Build.0 = Debug|Any CPU
		{6F8880E3-9886-482D-A79D-2863D45A7E46}.Debug|iPhoneSimulator.Deploy.0 = Debug|Any CPU
		{6F8880E3-9886-482D-A79D-2863D45A7E46}.Debug|x64.ActiveCfg = Debug|Any CPU
		{6F8880E3-9886-482D-A79D-2863D45A7E46}.Debug|x64.Build.0 = Debug|Any CPU
		{6F8880E3-9886-482D-A79D-2863D45A7E46}.Debug|x64.Deploy.0 = Debug|Any CPU
		{6F8880E3-9886-482D-A79D-2863D45A7E46}.Debug|x86.ActiveCfg = Debug|Any CPU
		{6F8880E3-9886-482D-A79D-2863D45A7E46}.Debug|x86.Build.0 = Debug|Any CPU
		{6F8880E3-9886-482D-A79D-2863D45A7E46}.Debug|x86.Deploy.0 = Debug|Any CPU
		{6F8880E3-9886-482D-A79D-2863D45A7E46}.Release|Any CPU.ActiveCfg = Release|Any CPU
		{6F8880E3-9886-482D-A79D-2863D45A7E46}.Release|Any CPU.Build.0 = Release|Any CPU
		{6F8880E3-9886-482D-A79D-2863D45A7E46}.Release|Any CPU.Deploy.0 = Release|Any CPU
		{6F8880E3-9886-482D-A79D-2863D45A7E46}.Release|ARM.ActiveCfg = Release|Any CPU
		{6F8880E3-9886-482D-A79D-2863D45A7E46}.Release|ARM.Build.0 = Release|Any CPU
		{6F8880E3-9886-482D-A79D-2863D45A7E46}.Release|ARM.Deploy.0 = Release|Any CPU
		{6F8880E3-9886-482D-A79D-2863D45A7E46}.Release|iPhone.ActiveCfg = Release|Any CPU
		{6F8880E3-9886-482D-A79D-2863D45A7E46}.Release|iPhone.Build.0 = Release|Any CPU
		{6F8880E3-9886-482D-A79D-2863D45A7E46}.Release|iPhone.Deploy.0 = Release|Any CPU
		{6F8880E3-9886-482D-A79D-2863D45A7E46}.Release|iPhoneSimulator.ActiveCfg = Release|Any CPU
		{6F8880E3-9886-482D-A79D-2863D45A7E46}.Release|iPhoneSimulator.Build.0 = Release|Any CPU
		{6F8880E3-9886-482D-A79D-2863D45A7E46}.Release|iPhoneSimulator.Deploy.0 = Release|Any CPU
		{6F8880E3-9886-482D-A79D-2863D45A7E46}.Release|x64.ActiveCfg = Release|Any CPU
		{6F8880E3-9886-482D-A79D-2863D45A7E46}.Release|x64.Build.0 = Release|Any CPU
		{6F8880E3-9886-482D-A79D-2863D45A7E46}.Release|x64.Deploy.0 = Release|Any CPU
		{6F8880E3-9886-482D-A79D-2863D45A7E46}.Release|x86.ActiveCfg = Release|Any CPU
		{6F8880E3-9886-482D-A79D-2863D45A7E46}.Release|x86.Build.0 = Release|Any CPU
		{6F8880E3-9886-482D-A79D-2863D45A7E46}.Release|x86.Deploy.0 = Release|Any CPU
		{4625D2A9-AF21-4367-B26C-AC7DCD6F20B0}.Ad-Hoc|Any CPU.ActiveCfg = Ad-Hoc|iPhone
		{4625D2A9-AF21-4367-B26C-AC7DCD6F20B0}.Ad-Hoc|Any CPU.Build.0 = Ad-Hoc|iPhone
		{4625D2A9-AF21-4367-B26C-AC7DCD6F20B0}.Ad-Hoc|Any CPU.Deploy.0 = Ad-Hoc|iPhone
		{4625D2A9-AF21-4367-B26C-AC7DCD6F20B0}.Ad-Hoc|ARM.ActiveCfg = Ad-Hoc|iPhone
		{4625D2A9-AF21-4367-B26C-AC7DCD6F20B0}.Ad-Hoc|ARM.Build.0 = Ad-Hoc|iPhone
		{4625D2A9-AF21-4367-B26C-AC7DCD6F20B0}.Ad-Hoc|ARM.Deploy.0 = Ad-Hoc|iPhone
		{4625D2A9-AF21-4367-B26C-AC7DCD6F20B0}.Ad-Hoc|iPhone.ActiveCfg = Ad-Hoc|iPhone
		{4625D2A9-AF21-4367-B26C-AC7DCD6F20B0}.Ad-Hoc|iPhone.Build.0 = Ad-Hoc|iPhone
		{4625D2A9-AF21-4367-B26C-AC7DCD6F20B0}.Ad-Hoc|iPhone.Deploy.0 = Ad-Hoc|iPhone
		{4625D2A9-AF21-4367-B26C-AC7DCD6F20B0}.Ad-Hoc|iPhoneSimulator.ActiveCfg = Ad-Hoc|iPhoneSimulator
		{4625D2A9-AF21-4367-B26C-AC7DCD6F20B0}.Ad-Hoc|iPhoneSimulator.Build.0 = Ad-Hoc|iPhoneSimulator
		{4625D2A9-AF21-4367-B26C-AC7DCD6F20B0}.Ad-Hoc|iPhoneSimulator.Deploy.0 = Ad-Hoc|iPhoneSimulator
		{4625D2A9-AF21-4367-B26C-AC7DCD6F20B0}.Ad-Hoc|x64.ActiveCfg = Ad-Hoc|iPhone
		{4625D2A9-AF21-4367-B26C-AC7DCD6F20B0}.Ad-Hoc|x64.Build.0 = Ad-Hoc|iPhone
		{4625D2A9-AF21-4367-B26C-AC7DCD6F20B0}.Ad-Hoc|x64.Deploy.0 = Ad-Hoc|iPhone
		{4625D2A9-AF21-4367-B26C-AC7DCD6F20B0}.Ad-Hoc|x86.ActiveCfg = Ad-Hoc|iPhone
		{4625D2A9-AF21-4367-B26C-AC7DCD6F20B0}.Ad-Hoc|x86.Build.0 = Ad-Hoc|iPhone
		{4625D2A9-AF21-4367-B26C-AC7DCD6F20B0}.Ad-Hoc|x86.Deploy.0 = Ad-Hoc|iPhone
		{4625D2A9-AF21-4367-B26C-AC7DCD6F20B0}.AppStore|Any CPU.ActiveCfg = AppStore|iPhone
		{4625D2A9-AF21-4367-B26C-AC7DCD6F20B0}.AppStore|Any CPU.Build.0 = AppStore|iPhone
		{4625D2A9-AF21-4367-B26C-AC7DCD6F20B0}.AppStore|Any CPU.Deploy.0 = AppStore|iPhone
		{4625D2A9-AF21-4367-B26C-AC7DCD6F20B0}.AppStore|ARM.ActiveCfg = AppStore|iPhone
		{4625D2A9-AF21-4367-B26C-AC7DCD6F20B0}.AppStore|ARM.Build.0 = AppStore|iPhone
		{4625D2A9-AF21-4367-B26C-AC7DCD6F20B0}.AppStore|ARM.Deploy.0 = AppStore|iPhone
		{4625D2A9-AF21-4367-B26C-AC7DCD6F20B0}.AppStore|iPhone.ActiveCfg = AppStore|iPhone
		{4625D2A9-AF21-4367-B26C-AC7DCD6F20B0}.AppStore|iPhone.Build.0 = AppStore|iPhone
		{4625D2A9-AF21-4367-B26C-AC7DCD6F20B0}.AppStore|iPhone.Deploy.0 = AppStore|iPhone
		{4625D2A9-AF21-4367-B26C-AC7DCD6F20B0}.AppStore|iPhoneSimulator.ActiveCfg = AppStore|iPhoneSimulator
		{4625D2A9-AF21-4367-B26C-AC7DCD6F20B0}.AppStore|iPhoneSimulator.Build.0 = AppStore|iPhoneSimulator
		{4625D2A9-AF21-4367-B26C-AC7DCD6F20B0}.AppStore|iPhoneSimulator.Deploy.0 = AppStore|iPhoneSimulator
		{4625D2A9-AF21-4367-B26C-AC7DCD6F20B0}.AppStore|x64.ActiveCfg = AppStore|iPhone
		{4625D2A9-AF21-4367-B26C-AC7DCD6F20B0}.AppStore|x64.Build.0 = AppStore|iPhone
		{4625D2A9-AF21-4367-B26C-AC7DCD6F20B0}.AppStore|x64.Deploy.0 = AppStore|iPhone
		{4625D2A9-AF21-4367-B26C-AC7DCD6F20B0}.AppStore|x86.ActiveCfg = AppStore|iPhone
		{4625D2A9-AF21-4367-B26C-AC7DCD6F20B0}.AppStore|x86.Build.0 = AppStore|iPhone
		{4625D2A9-AF21-4367-B26C-AC7DCD6F20B0}.AppStore|x86.Deploy.0 = AppStore|iPhone
		{4625D2A9-AF21-4367-B26C-AC7DCD6F20B0}.Debug|Any CPU.ActiveCfg = Debug|iPhoneSimulator
		{4625D2A9-AF21-4367-B26C-AC7DCD6F20B0}.Debug|Any CPU.Build.0 = Debug|iPhoneSimulator
		{4625D2A9-AF21-4367-B26C-AC7DCD6F20B0}.Debug|Any CPU.Deploy.0 = Debug|iPhoneSimulator
		{4625D2A9-AF21-4367-B26C-AC7DCD6F20B0}.Debug|ARM.ActiveCfg = Debug|iPhone
		{4625D2A9-AF21-4367-B26C-AC7DCD6F20B0}.Debug|ARM.Build.0 = Debug|iPhone
		{4625D2A9-AF21-4367-B26C-AC7DCD6F20B0}.Debug|ARM.Deploy.0 = Debug|iPhone
		{4625D2A9-AF21-4367-B26C-AC7DCD6F20B0}.Debug|iPhone.ActiveCfg = Debug|iPhone
		{4625D2A9-AF21-4367-B26C-AC7DCD6F20B0}.Debug|iPhone.Build.0 = Debug|iPhone
		{4625D2A9-AF21-4367-B26C-AC7DCD6F20B0}.Debug|iPhone.Deploy.0 = Debug|iPhone
		{4625D2A9-AF21-4367-B26C-AC7DCD6F20B0}.Debug|iPhoneSimulator.ActiveCfg = Debug|iPhoneSimulator
		{4625D2A9-AF21-4367-B26C-AC7DCD6F20B0}.Debug|iPhoneSimulator.Build.0 = Debug|iPhoneSimulator
		{4625D2A9-AF21-4367-B26C-AC7DCD6F20B0}.Debug|iPhoneSimulator.Deploy.0 = Debug|iPhoneSimulator
		{4625D2A9-AF21-4367-B26C-AC7DCD6F20B0}.Debug|x64.ActiveCfg = Debug|iPhone
		{4625D2A9-AF21-4367-B26C-AC7DCD6F20B0}.Debug|x64.Build.0 = Debug|iPhone
		{4625D2A9-AF21-4367-B26C-AC7DCD6F20B0}.Debug|x64.Deploy.0 = Debug|iPhone
		{4625D2A9-AF21-4367-B26C-AC7DCD6F20B0}.Debug|x86.ActiveCfg = Debug|iPhone
		{4625D2A9-AF21-4367-B26C-AC7DCD6F20B0}.Debug|x86.Build.0 = Debug|iPhone
		{4625D2A9-AF21-4367-B26C-AC7DCD6F20B0}.Debug|x86.Deploy.0 = Debug|iPhone
		{4625D2A9-AF21-4367-B26C-AC7DCD6F20B0}.Release|Any CPU.ActiveCfg = Release|iPhone
		{4625D2A9-AF21-4367-B26C-AC7DCD6F20B0}.Release|Any CPU.Build.0 = Release|iPhone
		{4625D2A9-AF21-4367-B26C-AC7DCD6F20B0}.Release|Any CPU.Deploy.0 = Release|iPhone
		{4625D2A9-AF21-4367-B26C-AC7DCD6F20B0}.Release|ARM.ActiveCfg = Release|iPhone
		{4625D2A9-AF21-4367-B26C-AC7DCD6F20B0}.Release|ARM.Build.0 = Release|iPhone
		{4625D2A9-AF21-4367-B26C-AC7DCD6F20B0}.Release|ARM.Deploy.0 = Release|iPhone
		{4625D2A9-AF21-4367-B26C-AC7DCD6F20B0}.Release|iPhone.ActiveCfg = Release|iPhone
		{4625D2A9-AF21-4367-B26C-AC7DCD6F20B0}.Release|iPhone.Build.0 = Release|iPhone
		{4625D2A9-AF21-4367-B26C-AC7DCD6F20B0}.Release|iPhone.Deploy.0 = Release|iPhone
		{4625D2A9-AF21-4367-B26C-AC7DCD6F20B0}.Release|iPhoneSimulator.ActiveCfg = Release|iPhoneSimulator
		{4625D2A9-AF21-4367-B26C-AC7DCD6F20B0}.Release|iPhoneSimulator.Build.0 = Release|iPhoneSimulator
		{4625D2A9-AF21-4367-B26C-AC7DCD6F20B0}.Release|iPhoneSimulator.Deploy.0 = Release|iPhoneSimulator
		{4625D2A9-AF21-4367-B26C-AC7DCD6F20B0}.Release|x64.ActiveCfg = Release|iPhone
		{4625D2A9-AF21-4367-B26C-AC7DCD6F20B0}.Release|x64.Build.0 = Release|iPhone
		{4625D2A9-AF21-4367-B26C-AC7DCD6F20B0}.Release|x64.Deploy.0 = Release|iPhone
		{4625D2A9-AF21-4367-B26C-AC7DCD6F20B0}.Release|x86.ActiveCfg = Release|iPhone
		{4625D2A9-AF21-4367-B26C-AC7DCD6F20B0}.Release|x86.Build.0 = Release|iPhone
		{4625D2A9-AF21-4367-B26C-AC7DCD6F20B0}.Release|x86.Deploy.0 = Release|iPhone
		{9CCD87C2-E49C-4D09-AD3C-F18656D2B91A}.Ad-Hoc|Any CPU.ActiveCfg = Release|x86
		{9CCD87C2-E49C-4D09-AD3C-F18656D2B91A}.Ad-Hoc|Any CPU.Build.0 = Release|x86
		{9CCD87C2-E49C-4D09-AD3C-F18656D2B91A}.Ad-Hoc|Any CPU.Deploy.0 = Release|x86
		{9CCD87C2-E49C-4D09-AD3C-F18656D2B91A}.Ad-Hoc|ARM.ActiveCfg = Release|ARM
		{9CCD87C2-E49C-4D09-AD3C-F18656D2B91A}.Ad-Hoc|ARM.Build.0 = Release|ARM
		{9CCD87C2-E49C-4D09-AD3C-F18656D2B91A}.Ad-Hoc|ARM.Deploy.0 = Release|ARM
		{9CCD87C2-E49C-4D09-AD3C-F18656D2B91A}.Ad-Hoc|iPhone.ActiveCfg = Release|x86
		{9CCD87C2-E49C-4D09-AD3C-F18656D2B91A}.Ad-Hoc|iPhone.Build.0 = Release|x86
		{9CCD87C2-E49C-4D09-AD3C-F18656D2B91A}.Ad-Hoc|iPhone.Deploy.0 = Release|x86
		{9CCD87C2-E49C-4D09-AD3C-F18656D2B91A}.Ad-Hoc|iPhoneSimulator.ActiveCfg = Release|x86
		{9CCD87C2-E49C-4D09-AD3C-F18656D2B91A}.Ad-Hoc|iPhoneSimulator.Build.0 = Release|x86
		{9CCD87C2-E49C-4D09-AD3C-F18656D2B91A}.Ad-Hoc|iPhoneSimulator.Deploy.0 = Release|x86
		{9CCD87C2-E49C-4D09-AD3C-F18656D2B91A}.Ad-Hoc|x64.ActiveCfg = Release|x64
		{9CCD87C2-E49C-4D09-AD3C-F18656D2B91A}.Ad-Hoc|x64.Build.0 = Release|x64
		{9CCD87C2-E49C-4D09-AD3C-F18656D2B91A}.Ad-Hoc|x64.Deploy.0 = Release|x64
		{9CCD87C2-E49C-4D09-AD3C-F18656D2B91A}.Ad-Hoc|x86.ActiveCfg = Release|x86
		{9CCD87C2-E49C-4D09-AD3C-F18656D2B91A}.Ad-Hoc|x86.Build.0 = Release|x86
		{9CCD87C2-E49C-4D09-AD3C-F18656D2B91A}.Ad-Hoc|x86.Deploy.0 = Release|x86
		{9CCD87C2-E49C-4D09-AD3C-F18656D2B91A}.AppStore|Any CPU.ActiveCfg = Release|x86
		{9CCD87C2-E49C-4D09-AD3C-F18656D2B91A}.AppStore|Any CPU.Build.0 = Release|x86
		{9CCD87C2-E49C-4D09-AD3C-F18656D2B91A}.AppStore|Any CPU.Deploy.0 = Release|x86
		{9CCD87C2-E49C-4D09-AD3C-F18656D2B91A}.AppStore|ARM.ActiveCfg = Release|ARM
		{9CCD87C2-E49C-4D09-AD3C-F18656D2B91A}.AppStore|ARM.Build.0 = Release|ARM
		{9CCD87C2-E49C-4D09-AD3C-F18656D2B91A}.AppStore|ARM.Deploy.0 = Release|ARM
		{9CCD87C2-E49C-4D09-AD3C-F18656D2B91A}.AppStore|iPhone.ActiveCfg = Release|x86
		{9CCD87C2-E49C-4D09-AD3C-F18656D2B91A}.AppStore|iPhone.Build.0 = Release|x86
		{9CCD87C2-E49C-4D09-AD3C-F18656D2B91A}.AppStore|iPhone.Deploy.0 = Release|x86
		{9CCD87C2-E49C-4D09-AD3C-F18656D2B91A}.AppStore|iPhoneSimulator.ActiveCfg = Release|x86
		{9CCD87C2-E49C-4D09-AD3C-F18656D2B91A}.AppStore|iPhoneSimulator.Build.0 = Release|x86
		{9CCD87C2-E49C-4D09-AD3C-F18656D2B91A}.AppStore|iPhoneSimulator.Deploy.0 = Release|x86
		{9CCD87C2-E49C-4D09-AD3C-F18656D2B91A}.AppStore|x64.ActiveCfg = Release|x64
		{9CCD87C2-E49C-4D09-AD3C-F18656D2B91A}.AppStore|x64.Build.0 = Release|x64
		{9CCD87C2-E49C-4D09-AD3C-F18656D2B91A}.AppStore|x64.Deploy.0 = Release|x64
		{9CCD87C2-E49C-4D09-AD3C-F18656D2B91A}.AppStore|x86.ActiveCfg = Release|x86
		{9CCD87C2-E49C-4D09-AD3C-F18656D2B91A}.AppStore|x86.Build.0 = Release|x86
		{9CCD87C2-E49C-4D09-AD3C-F18656D2B91A}.AppStore|x86.Deploy.0 = Release|x86
		{9CCD87C2-E49C-4D09-AD3C-F18656D2B91A}.Debug|Any CPU.ActiveCfg = Debug|x86
		{9CCD87C2-E49C-4D09-AD3C-F18656D2B91A}.Debug|Any CPU.Build.0 = Debug|x86
		{9CCD87C2-E49C-4D09-AD3C-F18656D2B91A}.Debug|Any CPU.Deploy.0 = Debug|x86
		{9CCD87C2-E49C-4D09-AD3C-F18656D2B91A}.Debug|ARM.ActiveCfg = Debug|ARM
		{9CCD87C2-E49C-4D09-AD3C-F18656D2B91A}.Debug|ARM.Build.0 = Debug|ARM
		{9CCD87C2-E49C-4D09-AD3C-F18656D2B91A}.Debug|ARM.Deploy.0 = Debug|ARM
		{9CCD87C2-E49C-4D09-AD3C-F18656D2B91A}.Debug|iPhone.ActiveCfg = Debug|x86
		{9CCD87C2-E49C-4D09-AD3C-F18656D2B91A}.Debug|iPhone.Build.0 = Debug|x86
		{9CCD87C2-E49C-4D09-AD3C-F18656D2B91A}.Debug|iPhone.Deploy.0 = Debug|x86
		{9CCD87C2-E49C-4D09-AD3C-F18656D2B91A}.Debug|iPhoneSimulator.ActiveCfg = Debug|x86
		{9CCD87C2-E49C-4D09-AD3C-F18656D2B91A}.Debug|iPhoneSimulator.Build.0 = Debug|x86
		{9CCD87C2-E49C-4D09-AD3C-F18656D2B91A}.Debug|iPhoneSimulator.Deploy.0 = Debug|x86
		{9CCD87C2-E49C-4D09-AD3C-F18656D2B91A}.Debug|x64.ActiveCfg = Debug|x64
		{9CCD87C2-E49C-4D09-AD3C-F18656D2B91A}.Debug|x64.Build.0 = Debug|x64
		{9CCD87C2-E49C-4D09-AD3C-F18656D2B91A}.Debug|x64.Deploy.0 = Debug|x64
		{9CCD87C2-E49C-4D09-AD3C-F18656D2B91A}.Debug|x86.ActiveCfg = Debug|x86
		{9CCD87C2-E49C-4D09-AD3C-F18656D2B91A}.Debug|x86.Build.0 = Debug|x86
		{9CCD87C2-E49C-4D09-AD3C-F18656D2B91A}.Debug|x86.Deploy.0 = Debug|x86
		{9CCD87C2-E49C-4D09-AD3C-F18656D2B91A}.Release|Any CPU.ActiveCfg = Release|x86
		{9CCD87C2-E49C-4D09-AD3C-F18656D2B91A}.Release|Any CPU.Build.0 = Release|x86
		{9CCD87C2-E49C-4D09-AD3C-F18656D2B91A}.Release|Any CPU.Deploy.0 = Release|x86
		{9CCD87C2-E49C-4D09-AD3C-F18656D2B91A}.Release|ARM.ActiveCfg = Release|ARM
		{9CCD87C2-E49C-4D09-AD3C-F18656D2B91A}.Release|ARM.Build.0 = Release|ARM
		{9CCD87C2-E49C-4D09-AD3C-F18656D2B91A}.Release|ARM.Deploy.0 = Release|ARM
		{9CCD87C2-E49C-4D09-AD3C-F18656D2B91A}.Release|iPhone.ActiveCfg = Release|x86
		{9CCD87C2-E49C-4D09-AD3C-F18656D2B91A}.Release|iPhone.Build.0 = Release|x86
		{9CCD87C2-E49C-4D09-AD3C-F18656D2B91A}.Release|iPhone.Deploy.0 = Release|x86
		{9CCD87C2-E49C-4D09-AD3C-F18656D2B91A}.Release|iPhoneSimulator.ActiveCfg = Release|x86
		{9CCD87C2-E49C-4D09-AD3C-F18656D2B91A}.Release|iPhoneSimulator.Build.0 = Release|x86
		{9CCD87C2-E49C-4D09-AD3C-F18656D2B91A}.Release|iPhoneSimulator.Deploy.0 = Release|x86
		{9CCD87C2-E49C-4D09-AD3C-F18656D2B91A}.Release|x64.ActiveCfg = Release|x64
		{9CCD87C2-E49C-4D09-AD3C-F18656D2B91A}.Release|x64.Build.0 = Release|x64
		{9CCD87C2-E49C-4D09-AD3C-F18656D2B91A}.Release|x64.Deploy.0 = Release|x64
		{9CCD87C2-E49C-4D09-AD3C-F18656D2B91A}.Release|x86.ActiveCfg = Release|x86
		{9CCD87C2-E49C-4D09-AD3C-F18656D2B91A}.Release|x86.Build.0 = Release|x86
		{9CCD87C2-E49C-4D09-AD3C-F18656D2B91A}.Release|x86.Deploy.0 = Release|x86
		{0EA9FF51-833B-4DEF-87B3-9EFD394B8D4A}.Ad-Hoc|Any CPU.ActiveCfg = Release|Any CPU
		{0EA9FF51-833B-4DEF-87B3-9EFD394B8D4A}.Ad-Hoc|Any CPU.Build.0 = Release|Any CPU
		{0EA9FF51-833B-4DEF-87B3-9EFD394B8D4A}.Ad-Hoc|ARM.ActiveCfg = Release|Any CPU
		{0EA9FF51-833B-4DEF-87B3-9EFD394B8D4A}.Ad-Hoc|ARM.Build.0 = Release|Any CPU
		{0EA9FF51-833B-4DEF-87B3-9EFD394B8D4A}.Ad-Hoc|iPhone.ActiveCfg = Release|Any CPU
		{0EA9FF51-833B-4DEF-87B3-9EFD394B8D4A}.Ad-Hoc|iPhone.Build.0 = Release|Any CPU
		{0EA9FF51-833B-4DEF-87B3-9EFD394B8D4A}.Ad-Hoc|iPhoneSimulator.ActiveCfg = Release|Any CPU
		{0EA9FF51-833B-4DEF-87B3-9EFD394B8D4A}.Ad-Hoc|iPhoneSimulator.Build.0 = Release|Any CPU
		{0EA9FF51-833B-4DEF-87B3-9EFD394B8D4A}.Ad-Hoc|x64.ActiveCfg = Release|Any CPU
		{0EA9FF51-833B-4DEF-87B3-9EFD394B8D4A}.Ad-Hoc|x64.Build.0 = Release|Any CPU
		{0EA9FF51-833B-4DEF-87B3-9EFD394B8D4A}.Ad-Hoc|x86.ActiveCfg = Release|Any CPU
		{0EA9FF51-833B-4DEF-87B3-9EFD394B8D4A}.Ad-Hoc|x86.Build.0 = Release|Any CPU
		{0EA9FF51-833B-4DEF-87B3-9EFD394B8D4A}.AppStore|Any CPU.ActiveCfg = Release|Any CPU
		{0EA9FF51-833B-4DEF-87B3-9EFD394B8D4A}.AppStore|Any CPU.Build.0 = Release|Any CPU
		{0EA9FF51-833B-4DEF-87B3-9EFD394B8D4A}.AppStore|ARM.ActiveCfg = Release|Any CPU
		{0EA9FF51-833B-4DEF-87B3-9EFD394B8D4A}.AppStore|ARM.Build.0 = Release|Any CPU
		{0EA9FF51-833B-4DEF-87B3-9EFD394B8D4A}.AppStore|iPhone.ActiveCfg = Release|Any CPU
		{0EA9FF51-833B-4DEF-87B3-9EFD394B8D4A}.AppStore|iPhone.Build.0 = Release|Any CPU
		{0EA9FF51-833B-4DEF-87B3-9EFD394B8D4A}.AppStore|iPhoneSimulator.ActiveCfg = Release|Any CPU
		{0EA9FF51-833B-4DEF-87B3-9EFD394B8D4A}.AppStore|iPhoneSimulator.Build.0 = Release|Any CPU
		{0EA9FF51-833B-4DEF-87B3-9EFD394B8D4A}.AppStore|x64.ActiveCfg = Release|Any CPU
		{0EA9FF51-833B-4DEF-87B3-9EFD394B8D4A}.AppStore|x64.Build.0 = Release|Any CPU
		{0EA9FF51-833B-4DEF-87B3-9EFD394B8D4A}.AppStore|x86.ActiveCfg = Release|Any CPU
		{0EA9FF51-833B-4DEF-87B3-9EFD394B8D4A}.AppStore|x86.Build.0 = Release|Any CPU
		{0EA9FF51-833B-4DEF-87B3-9EFD394B8D4A}.Debug|Any CPU.ActiveCfg = Debug|Any CPU
		{0EA9FF51-833B-4DEF-87B3-9EFD394B8D4A}.Debug|Any CPU.Build.0 = Debug|Any CPU
		{0EA9FF51-833B-4DEF-87B3-9EFD394B8D4A}.Debug|ARM.ActiveCfg = Debug|Any CPU
		{0EA9FF51-833B-4DEF-87B3-9EFD394B8D4A}.Debug|ARM.Build.0 = Debug|Any CPU
		{0EA9FF51-833B-4DEF-87B3-9EFD394B8D4A}.Debug|iPhone.ActiveCfg = Debug|Any CPU
		{0EA9FF51-833B-4DEF-87B3-9EFD394B8D4A}.Debug|iPhone.Build.0 = Debug|Any CPU
		{0EA9FF51-833B-4DEF-87B3-9EFD394B8D4A}.Debug|iPhoneSimulator.ActiveCfg = Debug|Any CPU
		{0EA9FF51-833B-4DEF-87B3-9EFD394B8D4A}.Debug|iPhoneSimulator.Build.0 = Debug|Any CPU
		{0EA9FF51-833B-4DEF-87B3-9EFD394B8D4A}.Debug|x64.ActiveCfg = Debug|Any CPU
		{0EA9FF51-833B-4DEF-87B3-9EFD394B8D4A}.Debug|x64.Build.0 = Debug|Any CPU
		{0EA9FF51-833B-4DEF-87B3-9EFD394B8D4A}.Debug|x86.ActiveCfg = Debug|Any CPU
		{0EA9FF51-833B-4DEF-87B3-9EFD394B8D4A}.Debug|x86.Build.0 = Debug|Any CPU
		{0EA9FF51-833B-4DEF-87B3-9EFD394B8D4A}.Release|Any CPU.ActiveCfg = Release|Any CPU
		{0EA9FF51-833B-4DEF-87B3-9EFD394B8D4A}.Release|Any CPU.Build.0 = Release|Any CPU
		{0EA9FF51-833B-4DEF-87B3-9EFD394B8D4A}.Release|ARM.ActiveCfg = Release|Any CPU
		{0EA9FF51-833B-4DEF-87B3-9EFD394B8D4A}.Release|ARM.Build.0 = Release|Any CPU
		{0EA9FF51-833B-4DEF-87B3-9EFD394B8D4A}.Release|iPhone.ActiveCfg = Release|Any CPU
		{0EA9FF51-833B-4DEF-87B3-9EFD394B8D4A}.Release|iPhone.Build.0 = Release|Any CPU
		{0EA9FF51-833B-4DEF-87B3-9EFD394B8D4A}.Release|iPhoneSimulator.ActiveCfg = Release|Any CPU
		{0EA9FF51-833B-4DEF-87B3-9EFD394B8D4A}.Release|iPhoneSimulator.Build.0 = Release|Any CPU
		{0EA9FF51-833B-4DEF-87B3-9EFD394B8D4A}.Release|x64.ActiveCfg = Release|Any CPU
		{0EA9FF51-833B-4DEF-87B3-9EFD394B8D4A}.Release|x64.Build.0 = Release|Any CPU
		{0EA9FF51-833B-4DEF-87B3-9EFD394B8D4A}.Release|x86.ActiveCfg = Release|Any CPU
		{0EA9FF51-833B-4DEF-87B3-9EFD394B8D4A}.Release|x86.Build.0 = Release|Any CPU
		{B19C892E-2628-4CA7-AD27-08D406A3B14B}.Ad-Hoc|Any CPU.ActiveCfg = Release|Any CPU
		{B19C892E-2628-4CA7-AD27-08D406A3B14B}.Ad-Hoc|Any CPU.Build.0 = Release|Any CPU
		{B19C892E-2628-4CA7-AD27-08D406A3B14B}.Ad-Hoc|ARM.ActiveCfg = Release|Any CPU
		{B19C892E-2628-4CA7-AD27-08D406A3B14B}.Ad-Hoc|ARM.Build.0 = Release|Any CPU
		{B19C892E-2628-4CA7-AD27-08D406A3B14B}.Ad-Hoc|iPhone.ActiveCfg = Release|Any CPU
		{B19C892E-2628-4CA7-AD27-08D406A3B14B}.Ad-Hoc|iPhone.Build.0 = Release|Any CPU
		{B19C892E-2628-4CA7-AD27-08D406A3B14B}.Ad-Hoc|iPhoneSimulator.ActiveCfg = Release|Any CPU
		{B19C892E-2628-4CA7-AD27-08D406A3B14B}.Ad-Hoc|iPhoneSimulator.Build.0 = Release|Any CPU
		{B19C892E-2628-4CA7-AD27-08D406A3B14B}.Ad-Hoc|x64.ActiveCfg = Release|Any CPU
		{B19C892E-2628-4CA7-AD27-08D406A3B14B}.Ad-Hoc|x64.Build.0 = Release|Any CPU
		{B19C892E-2628-4CA7-AD27-08D406A3B14B}.Ad-Hoc|x86.ActiveCfg = Release|Any CPU
		{B19C892E-2628-4CA7-AD27-08D406A3B14B}.Ad-Hoc|x86.Build.0 = Release|Any CPU
		{B19C892E-2628-4CA7-AD27-08D406A3B14B}.AppStore|Any CPU.ActiveCfg = Release|Any CPU
		{B19C892E-2628-4CA7-AD27-08D406A3B14B}.AppStore|Any CPU.Build.0 = Release|Any CPU
		{B19C892E-2628-4CA7-AD27-08D406A3B14B}.AppStore|ARM.ActiveCfg = Release|Any CPU
		{B19C892E-2628-4CA7-AD27-08D406A3B14B}.AppStore|ARM.Build.0 = Release|Any CPU
		{B19C892E-2628-4CA7-AD27-08D406A3B14B}.AppStore|iPhone.ActiveCfg = Release|Any CPU
		{B19C892E-2628-4CA7-AD27-08D406A3B14B}.AppStore|iPhone.Build.0 = Release|Any CPU
		{B19C892E-2628-4CA7-AD27-08D406A3B14B}.AppStore|iPhoneSimulator.ActiveCfg = Release|Any CPU
		{B19C892E-2628-4CA7-AD27-08D406A3B14B}.AppStore|iPhoneSimulator.Build.0 = Release|Any CPU
		{B19C892E-2628-4CA7-AD27-08D406A3B14B}.AppStore|x64.ActiveCfg = Release|Any CPU
		{B19C892E-2628-4CA7-AD27-08D406A3B14B}.AppStore|x64.Build.0 = Release|Any CPU
		{B19C892E-2628-4CA7-AD27-08D406A3B14B}.AppStore|x86.ActiveCfg = Release|Any CPU
		{B19C892E-2628-4CA7-AD27-08D406A3B14B}.AppStore|x86.Build.0 = Release|Any CPU
		{B19C892E-2628-4CA7-AD27-08D406A3B14B}.Debug|Any CPU.ActiveCfg = Debug|Any CPU
		{B19C892E-2628-4CA7-AD27-08D406A3B14B}.Debug|Any CPU.Build.0 = Debug|Any CPU
		{B19C892E-2628-4CA7-AD27-08D406A3B14B}.Debug|ARM.ActiveCfg = Debug|Any CPU
		{B19C892E-2628-4CA7-AD27-08D406A3B14B}.Debug|ARM.Build.0 = Debug|Any CPU
		{B19C892E-2628-4CA7-AD27-08D406A3B14B}.Debug|iPhone.ActiveCfg = Debug|Any CPU
		{B19C892E-2628-4CA7-AD27-08D406A3B14B}.Debug|iPhone.Build.0 = Debug|Any CPU
		{B19C892E-2628-4CA7-AD27-08D406A3B14B}.Debug|iPhoneSimulator.ActiveCfg = Debug|Any CPU
		{B19C892E-2628-4CA7-AD27-08D406A3B14B}.Debug|iPhoneSimulator.Build.0 = Debug|Any CPU
		{B19C892E-2628-4CA7-AD27-08D406A3B14B}.Debug|x64.ActiveCfg = Debug|Any CPU
		{B19C892E-2628-4CA7-AD27-08D406A3B14B}.Debug|x64.Build.0 = Debug|Any CPU
		{B19C892E-2628-4CA7-AD27-08D406A3B14B}.Debug|x86.ActiveCfg = Debug|Any CPU
		{B19C892E-2628-4CA7-AD27-08D406A3B14B}.Debug|x86.Build.0 = Debug|Any CPU
		{B19C892E-2628-4CA7-AD27-08D406A3B14B}.Release|Any CPU.ActiveCfg = Release|Any CPU
		{B19C892E-2628-4CA7-AD27-08D406A3B14B}.Release|Any CPU.Build.0 = Release|Any CPU
		{B19C892E-2628-4CA7-AD27-08D406A3B14B}.Release|ARM.ActiveCfg = Release|Any CPU
		{B19C892E-2628-4CA7-AD27-08D406A3B14B}.Release|ARM.Build.0 = Release|Any CPU
		{B19C892E-2628-4CA7-AD27-08D406A3B14B}.Release|iPhone.ActiveCfg = Release|Any CPU
		{B19C892E-2628-4CA7-AD27-08D406A3B14B}.Release|iPhone.Build.0 = Release|Any CPU
		{B19C892E-2628-4CA7-AD27-08D406A3B14B}.Release|iPhoneSimulator.ActiveCfg = Release|Any CPU
		{B19C892E-2628-4CA7-AD27-08D406A3B14B}.Release|iPhoneSimulator.Build.0 = Release|Any CPU
		{B19C892E-2628-4CA7-AD27-08D406A3B14B}.Release|x64.ActiveCfg = Release|Any CPU
		{B19C892E-2628-4CA7-AD27-08D406A3B14B}.Release|x64.Build.0 = Release|Any CPU
		{B19C892E-2628-4CA7-AD27-08D406A3B14B}.Release|x86.ActiveCfg = Release|Any CPU
		{B19C892E-2628-4CA7-AD27-08D406A3B14B}.Release|x86.Build.0 = Release|Any CPU
	EndGlobalSection
	GlobalSection(SolutionProperties) = preSolution
		HideSolutionNode = FALSE
	EndGlobalSection
	GlobalSection(NestedProjects) = preSolution
		{0EA9FF51-833B-4DEF-87B3-9EFD394B8D4A} = {9CFFFA5E-FB6B-4F73-8A95-DC33DFC532B7}
		{B19C892E-2628-4CA7-AD27-08D406A3B14B} = {9CFFFA5E-FB6B-4F73-8A95-DC33DFC532B7}
	EndGlobalSection
	GlobalSection(ExtensibilityGlobals) = postSolution
		SolutionGuid = {0819B5CA-CDC6-4A3E-9411-F3CB67475773}
	EndGlobalSection
EndGlobal
